
Microsoft Visual Studio Solution File, Format Version 12.00
# Visual Studio 2013
VisualStudioVersion = 12.0.31101.0
MinimumVisualStudioVersion = 10.0.40219.1
Project("{FAE04EC0-301F-11D3-BF4B-00C04F79EFBC}") = "Server", "Server\Server.csproj", "{0298F8FA-D77D-4FA0-99A7-6E02F2FEC1F7}"
EndProject
Project("{FAE04EC0-301F-11D3-BF4B-00C04F79EFBC}") = "Common", "Common\Common.csproj", "{CEB0A4E6-196D-4394-BDD7-48B31DBDBF52}"
EndProject
Project("{FAE04EC0-301F-11D3-BF4B-00C04F79EFBC}") = "Client", "Client\Client.csproj", "{600EC95A-8646-49B5-A919-040793E26235}"
EndProject
Global
	GlobalSection(SolutionConfigurationPlatforms) = preSolution
		Debug|Any CPU = Debug|Any CPU
		Release|Any CPU = Release|Any CPU
	EndGlobalSection
	GlobalSection(ProjectConfigurationPlatforms) = postSolution
		{0298F8FA-D77D-4FA0-99A7-6E02F2FEC1F7}.Debug|Any CPU.ActiveCfg = Debug|Any CPU
		{0298F8FA-D77D-4FA0-99A7-6E02F2FEC1F7}.Debug|Any CPU.Build.0 = Debug|Any CPU
		{0298F8FA-D77D-4FA0-99A7-6E02F2FEC1F7}.Release|Any CPU.ActiveCfg = Release|Any CPU
		{0298F8FA-D77D-4FA0-99A7-6E02F2FEC1F7}.Release|Any CPU.Build.0 = Release|Any CPU
		{CEB0A4E6-196D-4394-BDD7-48B31DBDBF52}.Debug|Any CPU.ActiveCfg = Debug|Any CPU
		{CEB0A4E6-196D-4394-BDD7-48B31DBDBF52}.Debug|Any CPU.Build.0 = Debug|Any CPU
		{CEB0A4E6-196D-4394-BDD7-48B31DBDBF52}.Release|Any CPU.ActiveCfg = Release|Any CPU
		{CEB0A4E6-196D-4394-BDD7-48B31DBDBF52}.Release|Any CPU.Build.0 = Release|Any CPU
		{600EC95A-8646-49B5-A919-040793E26235}.Debug|Any CPU.ActiveCfg = Debug|Any CPU
		{600EC95A-8646-49B5-A919-040793E26235}.Debug|Any CPU.Build.0 = Debug|Any CPU
		{600EC95A-8646-49B5-A919-040793E26235}.Release|Any CPU.ActiveCfg = Release|Any CPU
		{600EC95A-8646-49B5-A919-040793E26235}.Release|Any CPU.Build.0 = Release|Any CPU
	EndGlobalSection
	GlobalSection(SolutionProperties) = preSolution
		HideSolutionNode = FALSE
	EndGlobalSection
EndGlobal
