
Microsoft Visual Studio Solution File, Format Version 12.00
# Visual Studio 2013
VisualStudioVersion = 12.0.31101.0
MinimumVisualStudioVersion = 10.0.40219.1
Project("{FAE04EC0-301F-11D3-BF4B-00C04F79EFBC}") = "Utilities", "Utilities\Utilities.csproj", "{F48F7EDD-D47E-475D-8EC5-666B18C01762}"
EndProject
Project("{FAE04EC0-301F-11D3-BF4B-00C04F79EFBC}") = "DatabaseController", "DatabaseController\DatabaseController.csproj", "{71B2736C-C52D-423A-A3C3-D6376523B207}"
	ProjectSection(ProjectDependencies) = postProject
		{F48F7EDD-D47E-475D-8EC5-666B18C01762} = {F48F7EDD-D47E-475D-8EC5-666B18C01762}
	EndProjectSection
EndProject
Project("{FAE04EC0-301F-11D3-BF4B-00C04F79EFBC}") = "Server", "Server\Server.csproj", "{B58A3004-789E-446C-AAC7-92190382D6A2}"
	ProjectSection(ProjectDependencies) = postProject
		{9E220E5B-F763-4813-B8B3-CB76C1BA6D2E} = {9E220E5B-F763-4813-B8B3-CB76C1BA6D2E}
		{71B2736C-C52D-423A-A3C3-D6376523B207} = {71B2736C-C52D-423A-A3C3-D6376523B207}
		{F48F7EDD-D47E-475D-8EC5-666B18C01762} = {F48F7EDD-D47E-475D-8EC5-666B18C01762}
	EndProjectSection
EndProject
Project("{FAE04EC0-301F-11D3-BF4B-00C04F79EFBC}") = "Database", "Database\Database.csproj", "{9E220E5B-F763-4813-B8B3-CB76C1BA6D2E}"
	ProjectSection(ProjectDependencies) = postProject
		{71B2736C-C52D-423A-A3C3-D6376523B207} = {71B2736C-C52D-423A-A3C3-D6376523B207}
	EndProjectSection
EndProject
Project("{FAE04EC0-301F-11D3-BF4B-00C04F79EFBC}") = "Printer", "Printer\Printer.csproj", "{B3453FB5-66B6-49DC-8C3B-4ACD9F6C85B7}"
EndProject
Project("{FAE04EC0-301F-11D3-BF4B-00C04F79EFBC}") = "StoreApp", "StoreApp\StoreApp.csproj", "{BD6E687F-B30D-4816-BB6A-F10285DC2E1A}"
EndProject
Project("{FAE04EC0-301F-11D3-BF4B-00C04F79EFBC}") = "WarehouseApp", "WarehouseApp\WarehouseApp.csproj", "{9F05FAF8-5183-47C8-A5EF-B859CEA61E0B}"
EndProject
Project("{FAE04EC0-301F-11D3-BF4B-00C04F79EFBC}") = "Services", "Services\Services.csproj", "{9E1F3392-6E05-4A34-9521-C62622117A66}"
EndProject
Global
	GlobalSection(SolutionConfigurationPlatforms) = preSolution
		Debug|Any CPU = Debug|Any CPU
		Release|Any CPU = Release|Any CPU
	EndGlobalSection
	GlobalSection(ProjectConfigurationPlatforms) = postSolution
		{F48F7EDD-D47E-475D-8EC5-666B18C01762}.Debug|Any CPU.ActiveCfg = Debug|Any CPU
		{F48F7EDD-D47E-475D-8EC5-666B18C01762}.Debug|Any CPU.Build.0 = Debug|Any CPU
		{F48F7EDD-D47E-475D-8EC5-666B18C01762}.Release|Any CPU.ActiveCfg = Release|Any CPU
		{F48F7EDD-D47E-475D-8EC5-666B18C01762}.Release|Any CPU.Build.0 = Release|Any CPU
		{71B2736C-C52D-423A-A3C3-D6376523B207}.Debug|Any CPU.ActiveCfg = Debug|Any CPU
		{71B2736C-C52D-423A-A3C3-D6376523B207}.Debug|Any CPU.Build.0 = Debug|Any CPU
		{71B2736C-C52D-423A-A3C3-D6376523B207}.Release|Any CPU.ActiveCfg = Release|Any CPU
		{71B2736C-C52D-423A-A3C3-D6376523B207}.Release|Any CPU.Build.0 = Release|Any CPU
		{B58A3004-789E-446C-AAC7-92190382D6A2}.Debug|Any CPU.ActiveCfg = Debug|Any CPU
		{B58A3004-789E-446C-AAC7-92190382D6A2}.Debug|Any CPU.Build.0 = Debug|Any CPU
		{B58A3004-789E-446C-AAC7-92190382D6A2}.Release|Any CPU.ActiveCfg = Release|Any CPU
		{B58A3004-789E-446C-AAC7-92190382D6A2}.Release|Any CPU.Build.0 = Release|Any CPU
		{9E220E5B-F763-4813-B8B3-CB76C1BA6D2E}.Debug|Any CPU.ActiveCfg = Debug|Any CPU
		{9E220E5B-F763-4813-B8B3-CB76C1BA6D2E}.Debug|Any CPU.Build.0 = Debug|Any CPU
		{9E220E5B-F763-4813-B8B3-CB76C1BA6D2E}.Release|Any CPU.ActiveCfg = Release|Any CPU
		{9E220E5B-F763-4813-B8B3-CB76C1BA6D2E}.Release|Any CPU.Build.0 = Release|Any CPU
		{B3453FB5-66B6-49DC-8C3B-4ACD9F6C85B7}.Debug|Any CPU.ActiveCfg = Debug|Any CPU
		{B3453FB5-66B6-49DC-8C3B-4ACD9F6C85B7}.Debug|Any CPU.Build.0 = Debug|Any CPU
		{B3453FB5-66B6-49DC-8C3B-4ACD9F6C85B7}.Release|Any CPU.ActiveCfg = Release|Any CPU
		{B3453FB5-66B6-49DC-8C3B-4ACD9F6C85B7}.Release|Any CPU.Build.0 = Release|Any CPU
		{BD6E687F-B30D-4816-BB6A-F10285DC2E1A}.Debug|Any CPU.ActiveCfg = Debug|Any CPU
		{BD6E687F-B30D-4816-BB6A-F10285DC2E1A}.Debug|Any CPU.Build.0 = Debug|Any CPU
		{BD6E687F-B30D-4816-BB6A-F10285DC2E1A}.Release|Any CPU.ActiveCfg = Release|Any CPU
		{BD6E687F-B30D-4816-BB6A-F10285DC2E1A}.Release|Any CPU.Build.0 = Release|Any CPU
		{9F05FAF8-5183-47C8-A5EF-B859CEA61E0B}.Debug|Any CPU.ActiveCfg = Debug|Any CPU
		{9F05FAF8-5183-47C8-A5EF-B859CEA61E0B}.Debug|Any CPU.Build.0 = Debug|Any CPU
		{9F05FAF8-5183-47C8-A5EF-B859CEA61E0B}.Release|Any CPU.ActiveCfg = Release|Any CPU
		{9F05FAF8-5183-47C8-A5EF-B859CEA61E0B}.Release|Any CPU.Build.0 = Release|Any CPU
		{9E1F3392-6E05-4A34-9521-C62622117A66}.Debug|Any CPU.ActiveCfg = Debug|Any CPU
		{9E1F3392-6E05-4A34-9521-C62622117A66}.Debug|Any CPU.Build.0 = Debug|Any CPU
		{9E1F3392-6E05-4A34-9521-C62622117A66}.Release|Any CPU.ActiveCfg = Release|Any CPU
		{9E1F3392-6E05-4A34-9521-C62622117A66}.Release|Any CPU.Build.0 = Release|Any CPU
	EndGlobalSection
	GlobalSection(SolutionProperties) = preSolution
		HideSolutionNode = FALSE
	EndGlobalSection
EndGlobal
